
Microsoft Visual Studio Solution File, Format Version 12.00
# Visual Studio Version 16
VisualStudioVersion = 16.0.30413.136
MinimumVisualStudioVersion = 10.0.40219.1
Project("{FAE04EC0-301F-11D3-BF4B-00C04F79EFBC}") = "tkavonius1c1", "tkavonius1c1\tkavonius1c1.csproj", "{77AE8A68-221F-4593-8D5B-4D56EAE9323D}"
EndProject
Project("{FAE04EC0-301F-11D3-BF4B-00C04F79EFBC}") = "tkavonius1d1", "tkavonius1d1\tkavonius1d1.csproj", "{5DF2A99D-02AE-4BBE-BC1B-EB596077715C}"
EndProject
Project("{FAE04EC0-301F-11D3-BF4B-00C04F79EFBC}") = "tkavonius1730ex1b", "tkavonius1730ex1b\tkavonius1730ex1b.csproj", "{DC3BCED5-C093-41CD-A4C7-8811927BE1F9}"
EndProject
Project("{FAE04EC0-301F-11D3-BF4B-00C04F79EFBC}") = "tkavoniusex1e1", "tkavoniusex1e1\tkavoniusex1e1.csproj", "{B10CD6FA-2E8F-4B20-ABFF-003CABA3E71D}"
EndProject
Project("{FAE04EC0-301F-11D3-BF4B-00C04F79EFBC}") = "tkavonius1f1", "tkavonius1f1\tkavonius1f1.csproj", "{8B889DC9-7BEC-483D-A0D5-986F13FF7C4F}"
EndProject
Project("{FAE04EC0-301F-11D3-BF4B-00C04F79EFBC}") = "tkavonius2A1", "tkavonius2A1\tkavonius2A1.csproj", "{C1385900-5967-4326-962C-8DD6036EA6C4}"
EndProject
Project("{FAE04EC0-301F-11D3-BF4B-00C04F79EFBC}") = "tkavonius2b1", "tkavonius2b1\tkavonius2b1.csproj", "{EA17B970-28AE-47DB-A8C6-1D948BBC4F3D}"
EndProject
Project("{FAE04EC0-301F-11D3-BF4B-00C04F79EFBC}") = "tkavonius2c1", "tkavonius2c1\tkavonius2c1.csproj", "{53BB365A-0B67-4F4F-B238-B0F7B4EF4180}"
EndProject
Project("{FAE04EC0-301F-11D3-BF4B-00C04F79EFBC}") = "tkavonius2D1", "tkavonius2D1\tkavonius2D1.csproj", "{861E5BEF-B293-406F-920F-875BB8C5BB68}"
EndProject
Project("{FAE04EC0-301F-11D3-BF4B-00C04F79EFBC}") = "tkavonius2e1", "tkavonius2e1\tkavonius2e1.csproj", "{4339BD9C-B203-4F1E-A5E1-1177FE7311EE}"
EndProject
Project("{FAE04EC0-301F-11D3-BF4B-00C04F79EFBC}") = "tkavonius2e1UnitTests", "tkavonius2e1UnitTests\tkavonius2e1UnitTests.csproj", "{8B8FCF8C-1BB3-4FE0-9DE9-B489F14A6364}"
EndProject
Project("{FAE04EC0-301F-11D3-BF4B-00C04F79EFBC}") = "tkavonius2f1", "tkavonius2f1\tkavonius2f1.csproj", "{015E1392-583A-422C-AF7A-EF80027DF73B}"
EndProject
Project("{FAE04EC0-301F-11D3-BF4B-00C04F79EFBC}") = "tkavonius2f1UnitTests", "tkavonius2f1UnitTests\tkavonius2f1UnitTests.csproj", "{2E0C227E-A661-4CFD-B556-5A4A69E98F6A}"
EndProject
Global
	GlobalSection(SolutionConfigurationPlatforms) = preSolution
		Debug|Any CPU = Debug|Any CPU
		Release|Any CPU = Release|Any CPU
	EndGlobalSection
	GlobalSection(ProjectConfigurationPlatforms) = postSolution
		{77AE8A68-221F-4593-8D5B-4D56EAE9323D}.Debug|Any CPU.ActiveCfg = Debug|Any CPU
		{77AE8A68-221F-4593-8D5B-4D56EAE9323D}.Debug|Any CPU.Build.0 = Debug|Any CPU
		{77AE8A68-221F-4593-8D5B-4D56EAE9323D}.Release|Any CPU.ActiveCfg = Release|Any CPU
		{77AE8A68-221F-4593-8D5B-4D56EAE9323D}.Release|Any CPU.Build.0 = Release|Any CPU
		{5DF2A99D-02AE-4BBE-BC1B-EB596077715C}.Debug|Any CPU.ActiveCfg = Debug|Any CPU
		{5DF2A99D-02AE-4BBE-BC1B-EB596077715C}.Debug|Any CPU.Build.0 = Debug|Any CPU
		{5DF2A99D-02AE-4BBE-BC1B-EB596077715C}.Release|Any CPU.ActiveCfg = Release|Any CPU
		{5DF2A99D-02AE-4BBE-BC1B-EB596077715C}.Release|Any CPU.Build.0 = Release|Any CPU
		{DC3BCED5-C093-41CD-A4C7-8811927BE1F9}.Debug|Any CPU.ActiveCfg = Debug|Any CPU
		{DC3BCED5-C093-41CD-A4C7-8811927BE1F9}.Debug|Any CPU.Build.0 = Debug|Any CPU
		{DC3BCED5-C093-41CD-A4C7-8811927BE1F9}.Release|Any CPU.ActiveCfg = Release|Any CPU
		{DC3BCED5-C093-41CD-A4C7-8811927BE1F9}.Release|Any CPU.Build.0 = Release|Any CPU
		{B10CD6FA-2E8F-4B20-ABFF-003CABA3E71D}.Debug|Any CPU.ActiveCfg = Debug|Any CPU
		{B10CD6FA-2E8F-4B20-ABFF-003CABA3E71D}.Debug|Any CPU.Build.0 = Debug|Any CPU
		{B10CD6FA-2E8F-4B20-ABFF-003CABA3E71D}.Release|Any CPU.ActiveCfg = Release|Any CPU
		{B10CD6FA-2E8F-4B20-ABFF-003CABA3E71D}.Release|Any CPU.Build.0 = Release|Any CPU
		{8B889DC9-7BEC-483D-A0D5-986F13FF7C4F}.Debug|Any CPU.ActiveCfg = Debug|Any CPU
		{8B889DC9-7BEC-483D-A0D5-986F13FF7C4F}.Debug|Any CPU.Build.0 = Debug|Any CPU
		{8B889DC9-7BEC-483D-A0D5-986F13FF7C4F}.Release|Any CPU.ActiveCfg = Release|Any CPU
		{8B889DC9-7BEC-483D-A0D5-986F13FF7C4F}.Release|Any CPU.Build.0 = Release|Any CPU
		{C1385900-5967-4326-962C-8DD6036EA6C4}.Debug|Any CPU.ActiveCfg = Debug|Any CPU
		{C1385900-5967-4326-962C-8DD6036EA6C4}.Debug|Any CPU.Build.0 = Debug|Any CPU
		{C1385900-5967-4326-962C-8DD6036EA6C4}.Release|Any CPU.ActiveCfg = Release|Any CPU
		{C1385900-5967-4326-962C-8DD6036EA6C4}.Release|Any CPU.Build.0 = Release|Any CPU
		{EA17B970-28AE-47DB-A8C6-1D948BBC4F3D}.Debug|Any CPU.ActiveCfg = Debug|Any CPU
		{EA17B970-28AE-47DB-A8C6-1D948BBC4F3D}.Debug|Any CPU.Build.0 = Debug|Any CPU
		{EA17B970-28AE-47DB-A8C6-1D948BBC4F3D}.Release|Any CPU.ActiveCfg = Release|Any CPU
		{EA17B970-28AE-47DB-A8C6-1D948BBC4F3D}.Release|Any CPU.Build.0 = Release|Any CPU
		{53BB365A-0B67-4F4F-B238-B0F7B4EF4180}.Debug|Any CPU.ActiveCfg = Debug|Any CPU
		{53BB365A-0B67-4F4F-B238-B0F7B4EF4180}.Debug|Any CPU.Build.0 = Debug|Any CPU
		{53BB365A-0B67-4F4F-B238-B0F7B4EF4180}.Release|Any CPU.ActiveCfg = Release|Any CPU
		{53BB365A-0B67-4F4F-B238-B0F7B4EF4180}.Release|Any CPU.Build.0 = Release|Any CPU
		{861E5BEF-B293-406F-920F-875BB8C5BB68}.Debug|Any CPU.ActiveCfg = Debug|Any CPU
		{861E5BEF-B293-406F-920F-875BB8C5BB68}.Debug|Any CPU.Build.0 = Debug|Any CPU
		{861E5BEF-B293-406F-920F-875BB8C5BB68}.Release|Any CPU.ActiveCfg = Release|Any CPU
		{861E5BEF-B293-406F-920F-875BB8C5BB68}.Release|Any CPU.Build.0 = Release|Any CPU
		{4339BD9C-B203-4F1E-A5E1-1177FE7311EE}.Debug|Any CPU.ActiveCfg = Debug|Any CPU
		{4339BD9C-B203-4F1E-A5E1-1177FE7311EE}.Debug|Any CPU.Build.0 = Debug|Any CPU
		{4339BD9C-B203-4F1E-A5E1-1177FE7311EE}.Release|Any CPU.ActiveCfg = Release|Any CPU
		{4339BD9C-B203-4F1E-A5E1-1177FE7311EE}.Release|Any CPU.Build.0 = Release|Any CPU
		{8B8FCF8C-1BB3-4FE0-9DE9-B489F14A6364}.Debug|Any CPU.ActiveCfg = Debug|Any CPU
		{8B8FCF8C-1BB3-4FE0-9DE9-B489F14A6364}.Debug|Any CPU.Build.0 = Debug|Any CPU
		{8B8FCF8C-1BB3-4FE0-9DE9-B489F14A6364}.Release|Any CPU.ActiveCfg = Release|Any CPU
		{8B8FCF8C-1BB3-4FE0-9DE9-B489F14A6364}.Release|Any CPU.Build.0 = Release|Any CPU
		{015E1392-583A-422C-AF7A-EF80027DF73B}.Debug|Any CPU.ActiveCfg = Debug|Any CPU
		{015E1392-583A-422C-AF7A-EF80027DF73B}.Debug|Any CPU.Build.0 = Debug|Any CPU
		{015E1392-583A-422C-AF7A-EF80027DF73B}.Release|Any CPU.ActiveCfg = Release|Any CPU
		{015E1392-583A-422C-AF7A-EF80027DF73B}.Release|Any CPU.Build.0 = Release|Any CPU
		{2E0C227E-A661-4CFD-B556-5A4A69E98F6A}.Debug|Any CPU.ActiveCfg = Debug|Any CPU
		{2E0C227E-A661-4CFD-B556-5A4A69E98F6A}.Debug|Any CPU.Build.0 = Debug|Any CPU
		{2E0C227E-A661-4CFD-B556-5A4A69E98F6A}.Release|Any CPU.ActiveCfg = Release|Any CPU
		{2E0C227E-A661-4CFD-B556-5A4A69E98F6A}.Release|Any CPU.Build.0 = Release|Any CPU
	EndGlobalSection
	GlobalSection(SolutionProperties) = preSolution
		HideSolutionNode = FALSE
	EndGlobalSection
	GlobalSection(ExtensibilityGlobals) = postSolution
		SolutionGuid = {ECFD6E6E-927D-417F-A61F-21E5E05DD8E7}
	EndGlobalSection
EndGlobal
