
Microsoft Visual Studio Solution File, Format Version 12.00
# Visual Studio Version 16
VisualStudioVersion = 16.0.30413.136
MinimumVisualStudioVersion = 10.0.40219.1
Project("{FAE04EC0-301F-11D3-BF4B-00C04F79EFBC}") = "tkavonius1c1", "tkavonius1c1.csproj", "{77AE8A68-221F-4593-8D5B-4D56EAE9323D}"
EndProject
Global
	GlobalSection(SolutionConfigurationPlatforms) = preSolution
		Debug|Any CPU = Debug|Any CPU
		Release|Any CPU = Release|Any CPU
	EndGlobalSection
	GlobalSection(ProjectConfigurationPlatforms) = postSolution
		{77AE8A68-221F-4593-8D5B-4D56EAE9323D}.Debug|Any CPU.ActiveCfg = Debug|Any CPU
		{77AE8A68-221F-4593-8D5B-4D56EAE9323D}.Debug|Any CPU.Build.0 = Debug|Any CPU
		{77AE8A68-221F-4593-8D5B-4D56EAE9323D}.Release|Any CPU.ActiveCfg = Release|Any CPU
		{77AE8A68-221F-4593-8D5B-4D56EAE9323D}.Release|Any CPU.Build.0 = Release|Any CPU
	EndGlobalSection
	GlobalSection(SolutionProperties) = preSolution
		HideSolutionNode = FALSE
	EndGlobalSection
	GlobalSection(ExtensibilityGlobals) = postSolution
		SolutionGuid = {D16B2F7A-9995-4BD3-804D-D418AE10616C}
	EndGlobalSection
EndGlobal
